
Microsoft Visual Studio Solution File, Format Version 12.00
# Visual Studio 15
Project("{FAE04EC0-301F-11D3-BF4B-00C04F79EFBC}") = "Assembly-CSharp", "Assembly-CSharp.csproj", "{09C8A423-4103-F65C-557E-7CE6ED93377F}"
EndProject
Global
	GlobalSection(SolutionConfigurationPlatforms) = preSolution
		Debug|Any CPU = Debug|Any CPU
		Release|Any CPU = Release|Any CPU
	EndGlobalSection
	GlobalSection(ProjectConfigurationPlatforms) = postSolution
		{09C8A423-4103-F65C-557E-7CE6ED93377F}.Debug|Any CPU.ActiveCfg = Debug|Any CPU
		{09C8A423-4103-F65C-557E-7CE6ED93377F}.Debug|Any CPU.Build.0 = Debug|Any CPU
		{09C8A423-4103-F65C-557E-7CE6ED93377F}.Release|Any CPU.ActiveCfg = Release|Any CPU
		{09C8A423-4103-F65C-557E-7CE6ED93377F}.Release|Any CPU.Build.0 = Release|Any CPU
	EndGlobalSection
	GlobalSection(SolutionProperties) = preSolution
		HideSolutionNode = FALSE
	EndGlobalSection
EndGlobal
